#MicroXplorer Configuration settings - do not modify
ADC1.Channel-1\#ChannelRegularConversion=ADC_CHANNEL_1
ADC1.ContinuousConvMode=DISABLE
ADC1.EnableAnalogWatchDog=false
ADC1.EnableInjectedConversion=DISABLE
ADC1.EnableRegularConversion=ENABLE
ADC1.ExternalTrigConv=ADC_EXTERNALTRIGCONV_T3_TRGO
ADC1.IPParameters=master,ContinuousConvMode,EnableRegularConversion,Rank-1\#ChannelRegularConversion,Channel-1\#ChannelRegularConversion,SamplingTime-1\#ChannelRegularConversion,NbrOfConversionFlag,NbrOfConversion,ExternalTrigConv,EnableInjectedConversion,InjNumberOfConversion,EnableAnalogWatchDog
ADC1.InjNumberOfConversion=1
ADC1.NbrOfConversion=1
ADC1.NbrOfConversionFlag=1
ADC1.Rank-1\#ChannelRegularConversion=1
ADC1.SamplingTime-1\#ChannelRegularConversion=ADC_SAMPLETIME_7CYCLES_5
ADC1.master=1
Dma.ADC1.0.Direction=DMA_PERIPH_TO_MEMORY
Dma.ADC1.0.Instance=DMA1_Channel1
Dma.ADC1.0.MemDataAlignment=DMA_MDATAALIGN_HALFWORD
Dma.ADC1.0.MemInc=DMA_MINC_ENABLE
Dma.ADC1.0.Mode=DMA_CIRCULAR
Dma.ADC1.0.PeriphDataAlignment=DMA_PDATAALIGN_HALFWORD
Dma.ADC1.0.PeriphInc=DMA_PINC_DISABLE
Dma.ADC1.0.Priority=DMA_PRIORITY_VERY_HIGH
Dma.ADC1.0.RequestParameters=Instance,Direction,PeriphInc,MemInc,PeriphDataAlignment,MemDataAlignment,Mode,Priority
Dma.Request0=ADC1
Dma.RequestsNb=1
File.Version=6
GPIO.groupedBy=Group By Peripherals
KeepUserPlacement=false
Mcu.Family=STM32F1
Mcu.IP0=ADC1
Mcu.IP1=DMA
Mcu.IP2=NVIC
Mcu.IP3=RCC
Mcu.IP4=SYS
Mcu.IP5=TIM3
Mcu.IPNb=6
Mcu.Name=STM32F103R(C-D-E)Tx
Mcu.Package=LQFP64
Mcu.Pin0=PD0-OSC_IN
Mcu.Pin1=PD1-OSC_OUT
Mcu.Pin10=PB2
Mcu.Pin11=PB10
Mcu.Pin12=PB11
Mcu.Pin13=PB12
Mcu.Pin14=PB13
Mcu.Pin15=PB14
Mcu.Pin16=PB15
Mcu.Pin17=PC6
Mcu.Pin18=PC7
Mcu.Pin19=PC8
Mcu.Pin2=PA0-WKUP
Mcu.Pin20=PC9
Mcu.Pin21=PA8
Mcu.Pin22=PA13
Mcu.Pin23=PA14
Mcu.Pin24=PA15
Mcu.Pin25=PC10
Mcu.Pin26=PD2
Mcu.Pin27=PB3
Mcu.Pin28=PB4
Mcu.Pin29=PB5
Mcu.Pin3=PA1
Mcu.Pin30=PB6
Mcu.Pin31=PB7
Mcu.Pin32=PB8
Mcu.Pin33=PB9
Mcu.Pin34=VP_SYS_VS_Systick
Mcu.Pin35=VP_TIM3_VS_ClockSourceINT
Mcu.Pin4=PA3
Mcu.Pin5=PA4
Mcu.Pin6=PA5
Mcu.Pin7=PC5
Mcu.Pin8=PB0
Mcu.Pin9=PB1
Mcu.PinsNb=36
Mcu.ThirdPartyNb=0
Mcu.UserConstants=
Mcu.UserName=STM32F103RCTx
MxCube.Version=6.1.0
MxDb.Version=DB.6.0.10
NVIC.BusFault_IRQn=true\:0\:0\:false\:false\:true\:false\:false
NVIC.DMA1_Channel1_IRQn=true\:1\:0\:true\:false\:true\:false\:true
NVIC.DebugMonitor_IRQn=true\:0\:0\:false\:false\:true\:false\:false
NVIC.EXTI15_10_IRQn=true\:2\:2\:true\:false\:true\:true\:true
NVIC.EXTI9_5_IRQn=true\:2\:1\:true\:false\:true\:true\:true
NVIC.ForceEnableDMAVector=true
NVIC.HardFault_IRQn=true\:0\:0\:false\:false\:true\:false\:false
NVIC.MemoryManagement_IRQn=true\:0\:0\:false\:false\:true\:false\:false
NVIC.NonMaskableInt_IRQn=true\:0\:0\:false\:false\:true\:false\:false
NVIC.PendSV_IRQn=true\:0\:0\:false\:false\:true\:false\:false
NVIC.PriorityGroup=NVIC_PRIORITYGROUP_2
NVIC.SVCall_IRQn=true\:0\:0\:false\:false\:true\:false\:false
NVIC.SysTick_IRQn=true\:0\:0\:false\:false\:true\:false\:true
NVIC.UsageFault_IRQn=true\:0\:0\:false\:false\:true\:false\:false
PA0-WKUP.GPIOParameters=GPIO_PuPd,GPIO_Label,GPIO_ModeDefaultEXTI
PA0-WKUP.GPIO_Label=WK_UP
PA0-WKUP.GPIO_ModeDefaultEXTI=GPIO_MODE_IT_RISING
PA0-WKUP.GPIO_PuPd=GPIO_PULLDOWN
PA0-WKUP.Locked=true
PA0-WKUP.Signal=GPXTI0
PA1.Signal=ADCx_IN1
PA13.Mode=Serial_Wire
PA13.Signal=SYS_JTMS-SWDIO
PA14.Mode=Serial_Wire
PA14.Signal=SYS_JTCK-SWCLK
PA15.GPIOParameters=GPIO_PuPd,GPIO_Label,GPIO_ModeDefaultEXTI
PA15.GPIO_Label=KEY1
PA15.GPIO_ModeDefaultEXTI=GPIO_MODE_IT_FALLING
PA15.GPIO_PuPd=GPIO_PULLUP
PA15.Locked=true
PA15.Signal=GPXTI15
PA3.GPIOParameters=GPIO_Label
PA3.GPIO_Label=WAVE0
PA3.Locked=true
PA3.Signal=GPIO_Output
PA4.GPIOParameters=GPIO_Label
PA4.GPIO_Label=WAVE1
PA4.Locked=true
PA4.Signal=GPIO_Output
PA5.GPIOParameters=GPIO_Label
PA5.GPIO_Label=WAVE2
PA5.Locked=true
PA5.Signal=GPIO_Output
PA8.GPIOParameters=GPIO_Label
PA8.GPIO_Label=LED0
PA8.Locked=true
PA8.Signal=GPIO_Output
PB0.GPIOParameters=GPIO_Speed,PinState,GPIO_PuPd,GPIO_Label,GPIO_ModeDefaultOutputPP
PB0.GPIO_Label=LCD_D0
PB0.GPIO_ModeDefaultOutputPP=GPIO_MODE_OUTPUT_PP
PB0.GPIO_PuPd=GPIO_PULLUP
PB0.GPIO_Speed=GPIO_SPEED_FREQ_HIGH
PB0.Locked=true
PB0.PinState=GPIO_PIN_SET
PB0.Signal=GPIO_Output
PB1.GPIOParameters=GPIO_Speed,PinState,GPIO_PuPd,GPIO_Label
PB1.GPIO_Label=LCD_D1
PB1.GPIO_PuPd=GPIO_PULLUP
PB1.GPIO_Speed=GPIO_SPEED_FREQ_HIGH
PB1.Locked=true
PB1.PinState=GPIO_PIN_SET
PB1.Signal=GPIO_Output
PB10.GPIOParameters=GPIO_Speed,PinState,GPIO_PuPd,GPIO_Label
PB10.GPIO_Label=LCD_D10
PB10.GPIO_PuPd=GPIO_PULLUP
PB10.GPIO_Speed=GPIO_SPEED_FREQ_HIGH
PB10.Locked=true
PB10.PinState=GPIO_PIN_SET
PB10.Signal=GPIO_Output
PB11.GPIOParameters=GPIO_Speed,PinState,GPIO_PuPd,GPIO_Label
PB11.GPIO_Label=LCD_D11
PB11.GPIO_PuPd=GPIO_PULLUP
PB11.GPIO_Speed=GPIO_SPEED_FREQ_HIGH
PB11.Locked=true
PB11.PinState=GPIO_PIN_SET
PB11.Signal=GPIO_Output
PB12.GPIOParameters=GPIO_Speed,PinState,GPIO_PuPd,GPIO_Label
PB12.GPIO_Label=LCD_D12
PB12.GPIO_PuPd=GPIO_PULLUP
PB12.GPIO_Speed=GPIO_SPEED_FREQ_HIGH
PB12.Locked=true
PB12.PinState=GPIO_PIN_SET
PB12.Signal=GPIO_Output
PB13.GPIOParameters=GPIO_Speed,PinState,GPIO_PuPd,GPIO_Label
PB13.GPIO_Label=LCD_D13
PB13.GPIO_PuPd=GPIO_PULLUP
PB13.GPIO_Speed=GPIO_SPEED_FREQ_HIGH
PB13.Locked=true
PB13.PinState=GPIO_PIN_SET
PB13.Signal=GPIO_Output
PB14.GPIOParameters=GPIO_Speed,PinState,GPIO_PuPd,GPIO_Label
PB14.GPIO_Label=LCD_D14
PB14.GPIO_PuPd=GPIO_PULLUP
PB14.GPIO_Speed=GPIO_SPEED_FREQ_HIGH
PB14.Locked=true
PB14.PinState=GPIO_PIN_SET
PB14.Signal=GPIO_Output
PB15.GPIOParameters=GPIO_Speed,PinState,GPIO_PuPd,GPIO_Label
PB15.GPIO_Label=LCD_D15
PB15.GPIO_PuPd=GPIO_PULLUP
PB15.GPIO_Speed=GPIO_SPEED_FREQ_HIGH
PB15.Locked=true
PB15.PinState=GPIO_PIN_SET
PB15.Signal=GPIO_Output
PB2.GPIOParameters=GPIO_Speed,PinState,GPIO_PuPd,GPIO_Label
PB2.GPIO_Label=LCD_D2
PB2.GPIO_PuPd=GPIO_PULLUP
PB2.GPIO_Speed=GPIO_SPEED_FREQ_HIGH
PB2.Locked=true
PB2.PinState=GPIO_PIN_SET
PB2.Signal=GPIO_Output
PB3.GPIOParameters=GPIO_Speed,PinState,GPIO_PuPd,GPIO_Label,GPIO_ModeDefaultOutputPP
PB3.GPIO_Label=LCD_D3
PB3.GPIO_ModeDefaultOutputPP=GPIO_MODE_OUTPUT_PP
PB3.GPIO_PuPd=GPIO_PULLUP
PB3.GPIO_Speed=GPIO_SPEED_FREQ_HIGH
PB3.Locked=true
PB3.PinState=GPIO_PIN_SET
PB3.Signal=GPIO_Output
PB4.GPIOParameters=GPIO_Speed,PinState,GPIO_PuPd,GPIO_Label
PB4.GPIO_Label=LCD_D4
PB4.GPIO_PuPd=GPIO_PULLUP
PB4.GPIO_Speed=GPIO_SPEED_FREQ_HIGH
PB4.Locked=true
PB4.PinState=GPIO_PIN_SET
PB4.Signal=GPIO_Output
PB5.GPIOParameters=GPIO_Speed,PinState,GPIO_PuPd,GPIO_Label
PB5.GPIO_Label=LCD_D5
PB5.GPIO_PuPd=GPIO_PULLUP
PB5.GPIO_Speed=GPIO_SPEED_FREQ_HIGH
PB5.Locked=true
PB5.PinState=GPIO_PIN_SET
PB5.Signal=GPIO_Output
PB6.GPIOParameters=GPIO_Speed,PinState,GPIO_PuPd,GPIO_Label
PB6.GPIO_Label=LCD_D6
PB6.GPIO_PuPd=GPIO_PULLUP
PB6.GPIO_Speed=GPIO_SPEED_FREQ_HIGH
PB6.Locked=true
PB6.PinState=GPIO_PIN_SET
PB6.Signal=GPIO_Output
PB7.GPIOParameters=GPIO_Speed,PinState,GPIO_PuPd,GPIO_Label
PB7.GPIO_Label=LCD_D7
PB7.GPIO_PuPd=GPIO_PULLUP
PB7.GPIO_Speed=GPIO_SPEED_FREQ_HIGH
PB7.Locked=true
PB7.PinState=GPIO_PIN_SET
PB7.Signal=GPIO_Output
PB8.GPIOParameters=GPIO_Speed,PinState,GPIO_PuPd,GPIO_Label
PB8.GPIO_Label=LCD_D8
PB8.GPIO_PuPd=GPIO_PULLUP
PB8.GPIO_Speed=GPIO_SPEED_FREQ_HIGH
PB8.Locked=true
PB8.PinState=GPIO_PIN_SET
PB8.Signal=GPIO_Output
PB9.GPIOParameters=GPIO_Speed,PinState,GPIO_PuPd,GPIO_Label
PB9.GPIO_Label=LCD_D9
PB9.GPIO_PuPd=GPIO_PULLUP
PB9.GPIO_Speed=GPIO_SPEED_FREQ_HIGH
PB9.Locked=true
PB9.PinState=GPIO_PIN_SET
PB9.Signal=GPIO_Output
PC10.GPIOParameters=GPIO_Speed,PinState,GPIO_PuPd,GPIO_Label,GPIO_ModeDefaultOutputPP
PC10.GPIO_Label=LCD_LED
PC10.GPIO_ModeDefaultOutputPP=GPIO_MODE_OUTPUT_PP
PC10.GPIO_PuPd=GPIO_PULLUP
PC10.GPIO_Speed=GPIO_SPEED_FREQ_HIGH
PC10.Locked=true
PC10.PinState=GPIO_PIN_SET
PC10.Signal=GPIO_Output
PC5.GPIOParameters=GPIO_PuPd,GPIO_Label,GPIO_ModeDefaultEXTI
PC5.GPIO_Label=KEY0
PC5.GPIO_ModeDefaultEXTI=GPIO_MODE_IT_FALLING
PC5.GPIO_PuPd=GPIO_PULLUP
PC5.Locked=true
PC5.Signal=GPXTI5
PC6.GPIOParameters=GPIO_Speed,PinState,GPIO_PuPd,GPIO_Label,GPIO_ModeDefaultOutputPP
PC6.GPIO_Label=LCD_RD
PC6.GPIO_ModeDefaultOutputPP=GPIO_MODE_OUTPUT_PP
PC6.GPIO_PuPd=GPIO_PULLUP
PC6.GPIO_Speed=GPIO_SPEED_FREQ_HIGH
PC6.Locked=true
PC6.PinState=GPIO_PIN_SET
PC6.Signal=GPIO_Output
PC7.GPIOParameters=GPIO_Speed,PinState,GPIO_PuPd,GPIO_Label
PC7.GPIO_Label=LCD_WR
PC7.GPIO_PuPd=GPIO_PULLUP
PC7.GPIO_Speed=GPIO_SPEED_FREQ_HIGH
PC7.Locked=true
PC7.PinState=GPIO_PIN_SET
PC7.Signal=GPIO_Output
PC8.GPIOParameters=GPIO_Speed,PinState,GPIO_PuPd,GPIO_Label,GPIO_ModeDefaultOutputPP
PC8.GPIO_Label=LCD_RS
PC8.GPIO_ModeDefaultOutputPP=GPIO_MODE_OUTPUT_PP
PC8.GPIO_PuPd=GPIO_PULLUP
PC8.GPIO_Speed=GPIO_SPEED_FREQ_HIGH
PC8.Locked=true
PC8.PinState=GPIO_PIN_SET
PC8.Signal=GPIO_Output
PC9.GPIOParameters=GPIO_Speed,PinState,GPIO_PuPd,GPIO_Label
PC9.GPIO_Label=LCD_CS
PC9.GPIO_PuPd=GPIO_PULLUP
PC9.GPIO_Speed=GPIO_SPEED_FREQ_HIGH
PC9.Locked=true
PC9.PinState=GPIO_PIN_SET
PC9.Signal=GPIO_Output
PD0-OSC_IN.Mode=HSE-External-Oscillator
PD0-OSC_IN.Signal=RCC_OSC_IN
PD1-OSC_OUT.Mode=HSE-External-Oscillator
PD1-OSC_OUT.Signal=RCC_OSC_OUT
PD2.GPIOParameters=GPIO_Label
PD2.GPIO_Label=LED1
PD2.Locked=true
PD2.Signal=GPIO_Output
PinOutPanel.RotationAngle=0
ProjectManager.AskForMigrate=true
ProjectManager.BackupPrevious=false
ProjectManager.CompilerOptimize=6
ProjectManager.ComputerToolchain=false
ProjectManager.CoupleFile=true
ProjectManager.CustomerFirmwarePackage=
ProjectManager.DefaultFWLocation=true
ProjectManager.DeletePrevious=true
ProjectManager.DeviceId=STM32F103RCTx
ProjectManager.FirmwarePackage=STM32Cube FW_F1 V1.8.3
ProjectManager.FreePins=true
ProjectManager.HalAssertFull=true
ProjectManager.HeapSize=0x200
ProjectManager.KeepUserCode=true
ProjectManager.LastFirmware=true
ProjectManager.LibraryCopy=1
ProjectManager.MainLocation=Core/Src
ProjectManager.NoMain=false
ProjectManager.PreviousToolchain=
ProjectManager.ProjectBuild=false
ProjectManager.ProjectFileName=STM32ADC.ioc
ProjectManager.ProjectName=STM32ADC
ProjectManager.RegisterCallBack=
ProjectManager.StackSize=0x400
ProjectManager.TargetToolchain=MDK-ARM V5.27
ProjectManager.ToolChainLocation=
ProjectManager.UnderRoot=false
ProjectManager.functionlistsort=1-MX_GPIO_Init-GPIO-false-HAL-true,2-MX_DMA_Init-DMA-false-HAL-true,3-SystemClock_Config-RCC-false-HAL-false,4-MX_ADC1_Init-ADC1-false-HAL-true,5-MX_TIM3_Init-TIM3-false-HAL-true
RCC.ADCFreqValue=12000000
RCC.ADCPresc=RCC_ADCPCLK2_DIV6
RCC.AHBFreq_Value=72000000
RCC.APB1CLKDivider=RCC_HCLK_DIV2
RCC.APB1Freq_Value=36000000
RCC.APB1TimFreq_Value=72000000
RCC.APB2Freq_Value=72000000
RCC.APB2TimFreq_Value=72000000
RCC.FCLKCortexFreq_Value=72000000
RCC.FamilyName=M
RCC.HCLKFreq_Value=72000000
RCC.I2S2Freq_Value=72000000
RCC.I2S3Freq_Value=72000000
RCC.IPParameters=ADCFreqValue,ADCPresc,AHBFreq_Value,APB1CLKDivider,APB1Freq_Value,APB1TimFreq_Value,APB2Freq_Value,APB2TimFreq_Value,FCLKCortexFreq_Value,FamilyName,HCLKFreq_Value,I2S2Freq_Value,I2S3Freq_Value,MCOFreq_Value,PLLCLKFreq_Value,PLLMCOFreq_Value,PLLMUL,PLLSourceVirtual,SDIOFreq_Value,SDIOHCLKDiv2FreqValue,SYSCLKFreq_VALUE,SYSCLKSource,TimSysFreq_Value,USBFreq_Value,VCOOutput2Freq_Value
RCC.MCOFreq_Value=72000000
RCC.PLLCLKFreq_Value=72000000
RCC.PLLMCOFreq_Value=36000000
RCC.PLLMUL=RCC_PLL_MUL9
RCC.PLLSourceVirtual=RCC_PLLSOURCE_HSE
RCC.SDIOFreq_Value=72000000
RCC.SDIOHCLKDiv2FreqValue=36000000
RCC.SYSCLKFreq_VALUE=72000000
RCC.SYSCLKSource=RCC_SYSCLKSOURCE_PLLCLK
RCC.TimSysFreq_Value=72000000
RCC.USBFreq_Value=72000000
RCC.VCOOutput2Freq_Value=8000000
SH.ADCx_IN1.0=ADC1_IN1,IN1
SH.ADCx_IN1.ConfNb=1
SH.GPXTI0.0=GPIO_EXTI0
SH.GPXTI0.ConfNb=1
SH.GPXTI15.0=GPIO_EXTI15
SH.GPXTI15.ConfNb=1
SH.GPXTI5.0=GPIO_EXTI5
SH.GPXTI5.ConfNb=1
TIM3.AutoReloadPreload=TIM_AUTORELOAD_PRELOAD_ENABLE
TIM3.IPParameters=AutoReloadPreload,Prescaler,Period,TIM_MasterOutputTrigger
TIM3.Period=100
TIM3.Prescaler=35
TIM3.TIM_MasterOutputTrigger=TIM_TRGO_UPDATE
VP_SYS_VS_Systick.Mode=SysTick
VP_SYS_VS_Systick.Signal=SYS_VS_Systick
VP_TIM3_VS_ClockSourceINT.Mode=Internal
VP_TIM3_VS_ClockSourceINT.Signal=TIM3_VS_ClockSourceINT
board=custom
